// !$*UTF8*$!
{
	archiveVersion = 1;
	classes = {
	};
	objectVersion = 55;
	objects = {

/* Begin PBXBuildFile section */
		6F21245E282C54420088103D /* UIView + Extensions.swift in Sources */ = {isa = PBXBuildFile; fileRef = 6F21245D282C54420088103D /* UIView + Extensions.swift */; };
		6F5E0FE22816DCCB000DD2AA /* AppDelegate.swift in Sources */ = {isa = PBXBuildFile; fileRef = 6F5E0FE12816DCCB000DD2AA /* AppDelegate.swift */; };
		6F5E0FE42816DCCB000DD2AA /* SceneDelegate.swift in Sources */ = {isa = PBXBuildFile; fileRef = 6F5E0FE32816DCCB000DD2AA /* SceneDelegate.swift */; };
		6F5E0FE62816DCCB000DD2AA /* ViewController.swift in Sources */ = {isa = PBXBuildFile; fileRef = 6F5E0FE52816DCCB000DD2AA /* ViewController.swift */; };
		6F5E0FEB2816DCCD000DD2AA /* Assets.xcassets in Resources */ = {isa = PBXBuildFile; fileRef = 6F5E0FEA2816DCCD000DD2AA /* Assets.xcassets */; };
		6F5E0FEE2816DCCD000DD2AA /* LaunchScreen.storyboard in Resources */ = {isa = PBXBuildFile; fileRef = 6F5E0FEC2816DCCD000DD2AA /* LaunchScreen.storyboard */; };
		6F5E0FF72816DFCE000DD2AA /* UIBatton+Extension.swift in Sources */ = {isa = PBXBuildFile; fileRef = 6F5E0FF62816DFCE000DD2AA /* UIBatton+Extension.swift */; };
		6F82EAE328256419009F8ADD /* NetworkManager.swift in Sources */ = {isa = PBXBuildFile; fileRef = 6F82EAE228256419009F8ADD /* NetworkManager.swift */; };
		6F82EAE528256783009F8ADD /* Model.swift in Sources */ = {isa = PBXBuildFile; fileRef = 6F82EAE428256783009F8ADD /* Model.swift */; };
		6FB899B728196F1200715A8F /* UILabel + Extensions.swift in Sources */ = {isa = PBXBuildFile; fileRef = 6FB899B628196F1200715A8F /* UILabel + Extensions.swift */; };
		6FB899B9281984B400715A8F /* UIStackView + Extensions.swift in Sources */ = {isa = PBXBuildFile; fileRef = 6FB899B8281984B400715A8F /* UIStackView + Extensions.swift */; };
		6FB899BB2819C5AE00715A8F /* UiImageView + Extensions.swift in Sources */ = {isa = PBXBuildFile; fileRef = 6FB899BA2819C5AE00715A8F /* UiImageView + Extensions.swift */; };
		6FB899BE281AA3A400715A8F /* InfoPopViewController.swift in Sources */ = {isa = PBXBuildFile; fileRef = 6FB899BD281AA3A400715A8F /* InfoPopViewController.swift */; };
/* End PBXBuildFile section */

/* Begin PBXFileReference section */
		6F21245D282C54420088103D /* UIView + Extensions.swift */ = {isa = PBXFileReference; lastKnownFileType = sourcecode.swift; path = "UIView + Extensions.swift"; sourceTree = "<group>"; };
		6F5E0FDE2816DCCB000DD2AA /* SimpleConverter.app */ = {isa = PBXFileReference; explicitFileType = wrapper.application; includeInIndex = 0; path = SimpleConverter.app; sourceTree = BUILT_PRODUCTS_DIR; };
		6F5E0FE12816DCCB000DD2AA /* AppDelegate.swift */ = {isa = PBXFileReference; lastKnownFileType = sourcecode.swift; path = AppDelegate.swift; sourceTree = "<group>"; };
		6F5E0FE32816DCCB000DD2AA /* SceneDelegate.swift */ = {isa = PBXFileReference; lastKnownFileType = sourcecode.swift; path = SceneDelegate.swift; sourceTree = "<group>"; };
		6F5E0FE52816DCCB000DD2AA /* ViewController.swift */ = {isa = PBXFileReference; lastKnownFileType = sourcecode.swift; path = ViewController.swift; sourceTree = "<group>"; };
		6F5E0FEA2816DCCD000DD2AA /* Assets.xcassets */ = {isa = PBXFileReference; lastKnownFileType = folder.assetcatalog; path = Assets.xcassets; sourceTree = "<group>"; };
		6F5E0FED2816DCCD000DD2AA /* Base */ = {isa = PBXFileReference; lastKnownFileType = file.storyboard; name = Base; path = Base.lproj/LaunchScreen.storyboard; sourceTree = "<group>"; };
		6F5E0FEF2816DCCD000DD2AA /* Info.plist */ = {isa = PBXFileReference; lastKnownFileType = text.plist.xml; path = Info.plist; sourceTree = "<group>"; };
		6F5E0FF62816DFCE000DD2AA /* UIBatton+Extension.swift */ = {isa = PBXFileReference; lastKnownFileType = sourcecode.swift; path = "UIBatton+Extension.swift"; sourceTree = "<group>"; };
		6F82EAE228256419009F8ADD /* NetworkManager.swift */ = {isa = PBXFileReference; lastKnownFileType = sourcecode.swift; path = NetworkManager.swift; sourceTree = "<group>"; };
		6F82EAE428256783009F8ADD /* Model.swift */ = {isa = PBXFileReference; lastKnownFileType = sourcecode.swift; path = Model.swift; sourceTree = "<group>"; };
		6FB899B628196F1200715A8F /* UILabel + Extensions.swift */ = {isa = PBXFileReference; lastKnownFileType = sourcecode.swift; path = "UILabel + Extensions.swift"; sourceTree = "<group>"; };
		6FB899B8281984B400715A8F /* UIStackView + Extensions.swift */ = {isa = PBXFileReference; lastKnownFileType = sourcecode.swift; path = "UIStackView + Extensions.swift"; sourceTree = "<group>"; };
		6FB899BA2819C5AE00715A8F /* UiImageView + Extensions.swift */ = {isa = PBXFileReference; lastKnownFileType = sourcecode.swift; path = "UiImageView + Extensions.swift"; sourceTree = "<group>"; };
		6FB899BD281AA3A400715A8F /* InfoPopViewController.swift */ = {isa = PBXFileReference; lastKnownFileType = sourcecode.swift; path = InfoPopViewController.swift; sourceTree = "<group>"; };
/* End PBXFileReference section */

/* Begin PBXFrameworksBuildPhase section */
		6F5E0FDB2816DCCB000DD2AA /* Frameworks */ = {
			isa = PBXFrameworksBuildPhase;
			buildActionMask = 2147483647;
			files = (
			);
			runOnlyForDeploymentPostprocessing = 0;
		};
/* End PBXFrameworksBuildPhase section */

/* Begin PBXGroup section */
		6F5E0FD52816DCCB000DD2AA = {
			isa = PBXGroup;
			children = (
				6F5E0FE02816DCCB000DD2AA /* SimpleConverter */,
				6F5E0FDF2816DCCB000DD2AA /* Products */,
			);
			sourceTree = "<group>";
		};
		6F5E0FDF2816DCCB000DD2AA /* Products */ = {
			isa = PBXGroup;
			children = (
				6F5E0FDE2816DCCB000DD2AA /* SimpleConverter.app */,
			);
			name = Products;
			sourceTree = "<group>";
		};
		6F5E0FE02816DCCB000DD2AA /* SimpleConverter */ = {
			isa = PBXGroup;
			children = (
				6F5E0FE12816DCCB000DD2AA /* AppDelegate.swift */,
				6F5E0FE32816DCCB000DD2AA /* SceneDelegate.swift */,
				6F82EAE228256419009F8ADD /* NetworkManager.swift */,
				6F82EAE428256783009F8ADD /* Model.swift */,
				6FB899BC281AA36900715A8F /* Controllers */,
				6F5E0FF52816DFB3000DD2AA /* Extensions */,
				6F5E0FEA2816DCCD000DD2AA /* Assets.xcassets */,
				6F5E0FEC2816DCCD000DD2AA /* LaunchScreen.storyboard */,
				6F5E0FEF2816DCCD000DD2AA /* Info.plist */,
			);
			path = SimpleConverter;
			sourceTree = "<group>";
		};
		6F5E0FF52816DFB3000DD2AA /* Extensions */ = {
			isa = PBXGroup;
			children = (
				6F5E0FF62816DFCE000DD2AA /* UIBatton+Extension.swift */,
				6FB899B628196F1200715A8F /* UILabel + Extensions.swift */,
				6FB899B8281984B400715A8F /* UIStackView + Extensions.swift */,
				6FB899BA2819C5AE00715A8F /* UiImageView + Extensions.swift */,
				6F21245D282C54420088103D /* UIView + Extensions.swift */,
			);
			path = Extensions;
			sourceTree = "<group>";
		};
		6FB899BC281AA36900715A8F /* Controllers */ = {
			isa = PBXGroup;
			children = (
				6F5E0FE52816DCCB000DD2AA /* ViewController.swift */,
				6FB899BD281AA3A400715A8F /* InfoPopViewController.swift */,
			);
			path = Controllers;
			sourceTree = "<group>";
		};
/* End PBXGroup section */

/* Begin PBXNativeTarget section */
		6F5E0FDD2816DCCB000DD2AA /* SimpleConverter */ = {
			isa = PBXNativeTarget;
			buildConfigurationList = 6F5E0FF22816DCCD000DD2AA /* Build configuration list for PBXNativeTarget "SimpleConverter" */;
			buildPhases = (
				6F5E0FDA2816DCCB000DD2AA /* Sources */,
				6F5E0FDB2816DCCB000DD2AA /* Frameworks */,
				6F5E0FDC2816DCCB000DD2AA /* Resources */,
			);
			buildRules = (
			);
			dependencies = (
			);
			name = SimpleConverter;
			productName = SimpleConverter;
			productReference = 6F5E0FDE2816DCCB000DD2AA /* SimpleConverter.app */;
			productType = "com.apple.product-type.application";
		};
/* End PBXNativeTarget section */

/* Begin PBXProject section */
		6F5E0FD62816DCCB000DD2AA /* Project object */ = {
			isa = PBXProject;
			attributes = {
				BuildIndependentTargetsInParallel = 1;
				LastSwiftUpdateCheck = 1320;
				LastUpgradeCheck = 1320;
				TargetAttributes = {
					6F5E0FDD2816DCCB000DD2AA = {
						CreatedOnToolsVersion = 13.2.1;
					};
				};
			};
			buildConfigurationList = 6F5E0FD92816DCCB000DD2AA /* Build configuration list for PBXProject "SimpleConverter" */;
			compatibilityVersion = "Xcode 13.0";
			developmentRegion = en;
			hasScannedForEncodings = 0;
			knownRegions = (
				en,
				Base,
			);
			mainGroup = 6F5E0FD52816DCCB000DD2AA;
			productRefGroup = 6F5E0FDF2816DCCB000DD2AA /* Products */;
			projectDirPath = "";
			projectRoot = "";
			targets = (
				6F5E0FDD2816DCCB000DD2AA /* SimpleConverter */,
			);
		};
/* End PBXProject section */

/* Begin PBXResourcesBuildPhase section */
		6F5E0FDC2816DCCB000DD2AA /* Resources */ = {
			isa = PBXResourcesBuildPhase;
			buildActionMask = 2147483647;
			files = (
				6F5E0FEE2816DCCD000DD2AA /* LaunchScreen.storyboard in Resources */,
				6F5E0FEB2816DCCD000DD2AA /* Assets.xcassets in Resources */,
			);
			runOnlyForDeploymentPostprocessing = 0;
		};
/* End PBXResourcesBuildPhase section */

/* Begin PBXSourcesBuildPhase section */
		6F5E0FDA2816DCCB000DD2AA /* Sources */ = {
			isa = PBXSourcesBuildPhase;
			buildActionMask = 2147483647;
			files = (
				6F82EAE328256419009F8ADD /* NetworkManager.swift in Sources */,
				6FB899BE281AA3A400715A8F /* InfoPopViewController.swift in Sources */,
				6FB899B728196F1200715A8F /* UILabel + Extensions.swift in Sources */,
				6F5E0FE62816DCCB000DD2AA /* ViewController.swift in Sources */,
				6FB899B9281984B400715A8F /* UIStackView + Extensions.swift in Sources */,
				6F82EAE528256783009F8ADD /* Model.swift in Sources */,
				6FB899BB2819C5AE00715A8F /* UiImageView + Extensions.swift in Sources */,
				6F21245E282C54420088103D /* UIView + Extensions.swift in Sources */,
				6F5E0FF72816DFCE000DD2AA /* UIBatton+Extension.swift in Sources */,
				6F5E0FE22816DCCB000DD2AA /* AppDelegate.swift in Sources */,
				6F5E0FE42816DCCB000DD2AA /* SceneDelegate.swift in Sources */,
			);
			runOnlyForDeploymentPostprocessing = 0;
		};
/* End PBXSourcesBuildPhase section */

/* Begin PBXVariantGroup section */
		6F5E0FEC2816DCCD000DD2AA /* LaunchScreen.storyboard */ = {
			isa = PBXVariantGroup;
			children = (
				6F5E0FED2816DCCD000DD2AA /* Base */,
			);
			name = LaunchScreen.storyboard;
			sourceTree = "<group>";
		};
/* End PBXVariantGroup section */

/* Begin XCBuildConfiguration section */
		6F5E0FF02816DCCD000DD2AA /* Debug */ = {
			isa = XCBuildConfiguration;
			buildSettings = {
				ALWAYS_SEARCH_USER_PATHS = NO;
				CLANG_ANALYZER_NONNULL = YES;
				CLANG_ANALYZER_NUMBER_OBJECT_CONVERSION = YES_AGGRESSIVE;
				CLANG_CXX_LANGUAGE_STANDARD = "gnu++17";
				CLANG_CXX_LIBRARY = "libc++";
				CLANG_ENABLE_MODULES = YES;
				CLANG_ENABLE_OBJC_ARC = YES;
				CLANG_ENABLE_OBJC_WEAK = YES;
				CLANG_WARN_BLOCK_CAPTURE_AUTORELEASING = YES;
				CLANG_WARN_BOOL_CONVERSION = YES;
				CLANG_WARN_COMMA = YES;
				CLANG_WARN_CONSTANT_CONVERSION = YES;
				CLANG_WARN_DEPRECATED_OBJC_IMPLEMENTATIONS = YES;
				CLANG_WARN_DIRECT_OBJC_ISA_USAGE = YES_ERROR;
				CLANG_WARN_DOCUMENTATION_COMMENTS = YES;
				CLANG_WARN_EMPTY_BODY = YES;
				CLANG_WARN_ENUM_CONVERSION = YES;
				CLANG_WARN_INFINITE_RECURSION = YES;
				CLANG_WARN_INT_CONVERSION = YES;
				CLANG_WARN_NON_LITERAL_NULL_CONVERSION = YES;
				CLANG_WARN_OBJC_IMPLICIT_RETAIN_SELF = YES;
				CLANG_WARN_OBJC_LITERAL_CONVERSION = YES;
				CLANG_WARN_OBJC_ROOT_CLASS = YES_ERROR;
				CLANG_WARN_QUOTED_INCLUDE_IN_FRAMEWORK_HEADER = YES;
				CLANG_WARN_RANGE_LOOP_ANALYSIS = YES;
				CLANG_WARN_STRICT_PROTOTYPES = YES;
				CLANG_WARN_SUSPICIOUS_MOVE = YES;
				CLANG_WARN_UNGUARDED_AVAILABILITY = YES_AGGRESSIVE;
				CLANG_WARN_UNREACHABLE_CODE = YES;
				CLANG_WARN__DUPLICATE_METHOD_MATCH = YES;
				COPY_PHASE_STRIP = NO;
				DEBUG_INFORMATION_FORMAT = dwarf;
				ENABLE_STRICT_OBJC_MSGSEND = YES;
				ENABLE_TESTABILITY = YES;
				GCC_C_LANGUAGE_STANDARD = gnu11;
				GCC_DYNAMIC_NO_PIC = NO;
				GCC_NO_COMMON_BLOCKS = YES;
				GCC_OPTIMIZATION_LEVEL = 0;
				GCC_PREPROCESSOR_DEFINITIONS = (
					"DEBUG=1",
					"$(inherited)",
				);
				GCC_WARN_64_TO_32_BIT_CONVERSION = YES;
				GCC_WARN_ABOUT_RETURN_TYPE = YES_ERROR;
				GCC_WARN_UNDECLARED_SELECTOR = YES;
				GCC_WARN_UNINITIALIZED_AUTOS = YES_AGGRESSIVE;
				GCC_WARN_UNUSED_FUNCTION = YES;
				GCC_WARN_UNUSED_VARIABLE = YES;
				IPHONEOS_DEPLOYMENT_TARGET = 15.2;
				MTL_ENABLE_DEBUG_INFO = INCLUDE_SOURCE;
				MTL_FAST_MATH = YES;
				ONLY_ACTIVE_ARCH = YES;
				SDKROOT = iphoneos;
				SWIFT_ACTIVE_COMPILATION_CONDITIONS = DEBUG;
				SWIFT_OPTIMIZATION_LEVEL = "-Onone";
			};
			name = Debug;
		};
		6F5E0FF12816DCCD000DD2AA /* Release */ = {
			isa = XCBuildConfiguration;
			buildSettings = {
				ALWAYS_SEARCH_USER_PATHS = NO;
				CLANG_ANALYZER_NONNULL = YES;
				CLANG_ANALYZER_NUMBER_OBJECT_CONVERSION = YES_AGGRESSIVE;
				CLANG_CXX_LANGUAGE_STANDARD = "gnu++17";
				CLANG_CXX_LIBRARY = "libc++";
				CLANG_ENABLE_MODULES = YES;
				CLANG_ENABLE_OBJC_ARC = YES;
				CLANG_ENABLE_OBJC_WEAK = YES;
				CLANG_WARN_BLOCK_CAPTURE_AUTORELEASING = YES;
				CLANG_WARN_BOOL_CONVERSION = YES;
				CLANG_WARN_COMMA = YES;
				CLANG_WARN_CONSTANT_CONVERSION = YES;
				CLANG_WARN_DEPRECATED_OBJC_IMPLEMENTATIONS = YES;
				CLANG_WARN_DIRECT_OBJC_ISA_USAGE = YES_ERROR;
				CLANG_WARN_DOCUMENTATION_COMMENTS = YES;
				CLANG_WARN_EMPTY_BODY = YES;
				CLANG_WARN_ENUM_CONVERSION = YES;
				CLANG_WARN_INFINITE_RECURSION = YES;
				CLANG_WARN_INT_CONVERSION = YES;
				CLANG_WARN_NON_LITERAL_NULL_CONVERSION = YES;
				CLANG_WARN_OBJC_IMPLICIT_RETAIN_SELF = YES;
				CLANG_WARN_OBJC_LITERAL_CONVERSION = YES;
				CLANG_WARN_OBJC_ROOT_CLASS = YES_ERROR;
				CLANG_WARN_QUOTED_INCLUDE_IN_FRAMEWORK_HEADER = YES;
				CLANG_WARN_RANGE_LOOP_ANALYSIS = YES;
				CLANG_WARN_STRICT_PROTOTYPES = YES;
				CLANG_WARN_SUSPICIOUS_MOVE = YES;
				CLANG_WARN_UNGUARDED_AVAILABILITY = YES_AGGRESSIVE;
				CLANG_WARN_UNREACHABLE_CODE = YES;
				CLANG_WARN__DUPLICATE_METHOD_MATCH = YES;
				COPY_PHASE_STRIP = NO;
				DEBUG_INFORMATION_FORMAT = "dwarf-with-dsym";
				ENABLE_NS_ASSERTIONS = NO;
				ENABLE_STRICT_OBJC_MSGSEND = YES;
				GCC_C_LANGUAGE_STANDARD = gnu11;
				GCC_NO_COMMON_BLOCKS = YES;
				GCC_WARN_64_TO_32_BIT_CONVERSION = YES;
				GCC_WARN_ABOUT_RETURN_TYPE = YES_ERROR;
				GCC_WARN_UNDECLARED_SELECTOR = YES;
				GCC_WARN_UNINITIALIZED_AUTOS = YES_AGGRESSIVE;
				GCC_WARN_UNUSED_FUNCTION = YES;
				GCC_WARN_UNUSED_VARIABLE = YES;
				IPHONEOS_DEPLOYMENT_TARGET = 15.2;
				MTL_ENABLE_DEBUG_INFO = NO;
				MTL_FAST_MATH = YES;
				SDKROOT = iphoneos;
				SWIFT_COMPILATION_MODE = wholemodule;
				SWIFT_OPTIMIZATION_LEVEL = "-O";
				VALIDATE_PRODUCT = YES;
			};
			name = Release;
		};
		6F5E0FF32816DCCD000DD2AA /* Debug */ = {
			isa = XCBuildConfiguration;
			buildSettings = {
				ASSETCATALOG_COMPILER_APPICON_NAME = AppIcon;
				ASSETCATALOG_COMPILER_GLOBAL_ACCENT_COLOR_NAME = AccentColor;
				CODE_SIGN_STYLE = Automatic;
				CURRENT_PROJECT_VERSION = 1;
				DEVELOPMENT_TEAM = 5JKHA34QG7;
				GENERATE_INFOPLIST_FILE = YES;
				INFOPLIST_FILE = SimpleConverter/Info.plist;
				INFOPLIST_KEY_CFBundleDisplayName = Converter;
				INFOPLIST_KEY_UIApplicationSupportsIndirectInputEvents = YES;
				INFOPLIST_KEY_UILaunchStoryboardName = LaunchScreen;
				INFOPLIST_KEY_UISupportedInterfaceOrientations_iPad = "UIInterfaceOrientationPortrait UIInterfaceOrientationPortraitUpsideDown UIInterfaceOrientationLandscapeLeft UIInterfaceOrientationLandscapeRight";
				INFOPLIST_KEY_UISupportedInterfaceOrientations_iPhone = "UIInterfaceOrientationPortrait UIInterfaceOrientationLandscapeLeft UIInterfaceOrientationLandscapeRight";
				LD_RUNPATH_SEARCH_PATHS = (
					"$(inherited)",
					"@executable_path/Frameworks",
				);
				MARKETING_VERSION = 1.0;
				PRODUCT_BUNDLE_IDENTIFIER = DenisChuprov.SimpleConverter;
				PRODUCT_NAME = "$(TARGET_NAME)";
				SWIFT_EMIT_LOC_STRINGS = YES;
				SWIFT_VERSION = 5.0;
				TARGETED_DEVICE_FAMILY = "1,2";
			};
			name = Debug;
		};
		6F5E0FF42816DCCD000DD2AA /* Release */ = {
			isa = XCBuildConfiguration;
			buildSettings = {
				ASSETCATALOG_COMPILER_APPICON_NAME = AppIcon;
				ASSETCATALOG_COMPILER_GLOBAL_ACCENT_COLOR_NAME = AccentColor;
				CODE_SIGN_STYLE = Automatic;
				CURRENT_PROJECT_VERSION = 1;
				DEVELOPMENT_TEAM = 5JKHA34QG7;
				GENERATE_INFOPLIST_FILE = YES;
				INFOPLIST_FILE = SimpleConverter/Info.plist;
				INFOPLIST_KEY_CFBundleDisplayName = Converter;
				INFOPLIST_KEY_UIApplicationSupportsIndirectInputEvents = YES;
				INFOPLIST_KEY_UILaunchStoryboardName = LaunchScreen;
				INFOPLIST_KEY_UISupportedInterfaceOrientations_iPad = "UIInterfaceOrientationPortrait UIInterfaceOrientationPortraitUpsideDown UIInterfaceOrientationLandscapeLeft UIInterfaceOrientationLandscapeRight";
				INFOPLIST_KEY_UISupportedInterfaceOrientations_iPhone = "UIInterfaceOrientationPortrait UIInterfaceOrientationLandscapeLeft UIInterfaceOrientationLandscapeRight";
				LD_RUNPATH_SEARCH_PATHS = (
					"$(inherited)",
					"@executable_path/Frameworks",
				);
				MARKETING_VERSION = 1.0;
				PRODUCT_BUNDLE_IDENTIFIER = DenisChuprov.SimpleConverter;
				PRODUCT_NAME = "$(TARGET_NAME)";
				SWIFT_EMIT_LOC_STRINGS = YES;
				SWIFT_VERSION = 5.0;
				TARGETED_DEVICE_FAMILY = "1,2";
			};
			name = Release;
		};
/* End XCBuildConfiguration section */

/* Begin XCConfigurationList section */
		6F5E0FD92816DCCB000DD2AA /* Build configuration list for PBXProject "SimpleConverter" */ = {
			isa = XCConfigurationList;
			buildConfigurations = (
				6F5E0FF02816DCCD000DD2AA /* Debug */,
				6F5E0FF12816DCCD000DD2AA /* Release */,
			);
			defaultConfigurationIsVisible = 0;
			defaultConfigurationName = Release;
		};
		6F5E0FF22816DCCD000DD2AA /* Build configuration list for PBXNativeTarget "SimpleConverter" */ = {
			isa = XCConfigurationList;
			buildConfigurations = (
				6F5E0FF32816DCCD000DD2AA /* Debug */,
				6F5E0FF42816DCCD000DD2AA /* Release */,
			);
			defaultConfigurationIsVisible = 0;
			defaultConfigurationName = Release;
		};
/* End XCConfigurationList section */
	};
	rootObject = 6F5E0FD62816DCCB000DD2AA /* Project object */;
}
